
Microsoft Visual Studio Solution File, Format Version 12.00
# Visual Studio 15
VisualStudioVersion = 15.0.26430.16
MinimumVisualStudioVersion = 10.0.40219.1
Project("{8BC9CEB8-8B4A-11D0-8D11-00A0C91BC942}") = "sysmets", "sysmets\sysmets.vcxproj", "{FEEA108D-BFD5-4D5B-9EB8-B84F9D8D474B}"
EndProject
Project("{8BC9CEB8-8B4A-11D0-8D11-00A0C91BC942}") = "gdi01", "gdi01\gdi01.vcxproj", "{6FEF1E79-58EB-41FD-9AE5-2877A3B2DD90}"
EndProject
Project("{8BC9CEB8-8B4A-11D0-8D11-00A0C91BC942}") = "gd02", "gd02\gd02.vcxproj", "{D50A5ADA-D7CE-41D4-914F-73F49B685F20}"
EndProject
Project("{8BC9CEB8-8B4A-11D0-8D11-00A0C91BC942}") = "sinewave", "sinewave\sinewave.vcxproj", "{3EA02E0D-4D62-4C48-BA7E-589413AA2FA7}"
EndProject
Project("{8BC9CEB8-8B4A-11D0-8D11-00A0C91BC942}") = "five-pointed", "five-pointed\five-pointed.vcxproj", "{03DF2CED-C687-4C00-9FE9-DE08BCF353D2}"
EndProject
Project("{8BC9CEB8-8B4A-11D0-8D11-00A0C91BC942}") = "rectangle", "rectangle\rectangle.vcxproj", "{277EDA6F-B431-4C85-B0F9-489D721EF180}"
EndProject
Project("{8BC9CEB8-8B4A-11D0-8D11-00A0C91BC942}") = "taiji", "taiji\taiji.vcxproj", "{C04B36F6-0748-4206-A8F6-9109FB977A95}"
EndProject
Project("{8BC9CEB8-8B4A-11D0-8D11-00A0C91BC942}") = "iphone6s", "iphone6s\iphone6s.vcxproj", "{7B46F4C2-A82C-4377-9DC6-837BB7EE0230}"
EndProject
Project("{8BC9CEB8-8B4A-11D0-8D11-00A0C91BC942}") = "FiveChess", "FiveChess\FiveChess.vcxproj", "{F4E75C57-C19E-4DD5-AA20-B02B115EDA02}"
EndProject
Project("{8BC9CEB8-8B4A-11D0-8D11-00A0C91BC942}") = "Module1", "Module1\Module1.vcxproj", "{06ABAB78-3938-445A-970A-CD173837D1A8}"
EndProject
Project("{8BC9CEB8-8B4A-11D0-8D11-00A0C91BC942}") = "Module2", "Module2\Module2.vcxproj", "{6E07F6E4-E8A7-4921-8158-AC6720B1DD97}"
EndProject
Project("{8BC9CEB8-8B4A-11D0-8D11-00A0C91BC942}") = "Module3", "Module3\Module3.vcxproj", "{9FAA1268-8EC1-40AE-B5F5-A8943DB0B025}"
EndProject
Project("{8BC9CEB8-8B4A-11D0-8D11-00A0C91BC942}") = "FiveChessD2D", "FiveChessD2D\FiveChessD2D.vcxproj", "{DD39AF8C-C751-400C-BE9D-0F5E5A9253AD}"
EndProject
Project("{8BC9CEB8-8B4A-11D0-8D11-00A0C91BC942}") = "Module4", "Module4\Module4.vcxproj", "{7946AD82-1C8E-4079-967A-FA689F4B2A20}"
EndProject
Project("{8BC9CEB8-8B4A-11D0-8D11-00A0C91BC942}") = "AnalogClock", "AnalogClock\AnalogClock.vcxproj", "{CF797552-B0A8-443A-8E3D-72B764531F0F}"
EndProject
Project("{8BC9CEB8-8B4A-11D0-8D11-00A0C91BC942}") = "Tetris", "Tetris\Tetris.vcxproj", "{56A78572-98B7-4652-B75B-D240F6063D12}"
EndProject
Project("{8BC9CEB8-8B4A-11D0-8D11-00A0C91BC942}") = "checker", "checker\checker.vcxproj", "{8C324195-E11F-4067-A610-F6492FAD1F9C}"
EndProject
Project("{8BC9CEB8-8B4A-11D0-8D11-00A0C91BC942}") = "owndraw", "owndraw\owndraw.vcxproj", "{AE0E20D1-AF87-40D1-88AF-9ACA11AF5827}"
EndProject
Project("{8BC9CEB8-8B4A-11D0-8D11-00A0C91BC942}") = "colorScroll", "colorScroll\colorScroll.vcxproj", "{1163634E-B310-4E58-A5C1-04960BFE989E}"
EndProject
Project("{8BC9CEB8-8B4A-11D0-8D11-00A0C91BC942}") = "poppad1", "poppad1\poppad1.vcxproj", "{06FE1668-79BD-4A63-945F-440C21E9C5D3}"
EndProject
Project("{8BC9CEB8-8B4A-11D0-8D11-00A0C91BC942}") = "environ", "environ\environ.vcxproj", "{06A1D501-7148-4B71-B602-00A0D96D762A}"
EndProject
Project("{8BC9CEB8-8B4A-11D0-8D11-00A0C91BC942}") = "head", "head\head.vcxproj", "{E11BD926-09F5-46C3-A51B-F310F8A91926}"
EndProject
Project("{8BC9CEB8-8B4A-11D0-8D11-00A0C91BC942}") = "icondemo", "icondemo\icondemo.vcxproj", "{D6E7999D-89C7-4FD4-A9BC-26F4B9F7A854}"
EndProject
Project("{8BC9CEB8-8B4A-11D0-8D11-00A0C91BC942}") = "menudemo", "menudemo\menudemo.vcxproj", "{00E669FB-E459-4C38-B9FF-00ADD17012CF}"
EndProject
Global
	GlobalSection(SolutionConfigurationPlatforms) = preSolution
		Debug|x64 = Debug|x64
		Debug|x86 = Debug|x86
		Release|x64 = Release|x64
		Release|x86 = Release|x86
	EndGlobalSection
	GlobalSection(ProjectConfigurationPlatforms) = postSolution
		{FEEA108D-BFD5-4D5B-9EB8-B84F9D8D474B}.Debug|x64.ActiveCfg = Debug|x64
		{FEEA108D-BFD5-4D5B-9EB8-B84F9D8D474B}.Debug|x64.Build.0 = Debug|x64
		{FEEA108D-BFD5-4D5B-9EB8-B84F9D8D474B}.Debug|x86.ActiveCfg = Debug|Win32
		{FEEA108D-BFD5-4D5B-9EB8-B84F9D8D474B}.Debug|x86.Build.0 = Debug|Win32
		{FEEA108D-BFD5-4D5B-9EB8-B84F9D8D474B}.Release|x64.ActiveCfg = Release|x64
		{FEEA108D-BFD5-4D5B-9EB8-B84F9D8D474B}.Release|x64.Build.0 = Release|x64
		{FEEA108D-BFD5-4D5B-9EB8-B84F9D8D474B}.Release|x86.ActiveCfg = Release|Win32
		{FEEA108D-BFD5-4D5B-9EB8-B84F9D8D474B}.Release|x86.Build.0 = Release|Win32
		{6FEF1E79-58EB-41FD-9AE5-2877A3B2DD90}.Debug|x64.ActiveCfg = Debug|x64
		{6FEF1E79-58EB-41FD-9AE5-2877A3B2DD90}.Debug|x64.Build.0 = Debug|x64
		{6FEF1E79-58EB-41FD-9AE5-2877A3B2DD90}.Debug|x86.ActiveCfg = Debug|Win32
		{6FEF1E79-58EB-41FD-9AE5-2877A3B2DD90}.Debug|x86.Build.0 = Debug|Win32
		{6FEF1E79-58EB-41FD-9AE5-2877A3B2DD90}.Release|x64.ActiveCfg = Release|x64
		{6FEF1E79-58EB-41FD-9AE5-2877A3B2DD90}.Release|x64.Build.0 = Release|x64
		{6FEF1E79-58EB-41FD-9AE5-2877A3B2DD90}.Release|x86.ActiveCfg = Release|Win32
		{6FEF1E79-58EB-41FD-9AE5-2877A3B2DD90}.Release|x86.Build.0 = Release|Win32
		{D50A5ADA-D7CE-41D4-914F-73F49B685F20}.Debug|x64.ActiveCfg = Debug|x64
		{D50A5ADA-D7CE-41D4-914F-73F49B685F20}.Debug|x64.Build.0 = Debug|x64
		{D50A5ADA-D7CE-41D4-914F-73F49B685F20}.Debug|x86.ActiveCfg = Debug|Win32
		{D50A5ADA-D7CE-41D4-914F-73F49B685F20}.Debug|x86.Build.0 = Debug|Win32
		{D50A5ADA-D7CE-41D4-914F-73F49B685F20}.Release|x64.ActiveCfg = Release|x64
		{D50A5ADA-D7CE-41D4-914F-73F49B685F20}.Release|x64.Build.0 = Release|x64
		{D50A5ADA-D7CE-41D4-914F-73F49B685F20}.Release|x86.ActiveCfg = Release|Win32
		{D50A5ADA-D7CE-41D4-914F-73F49B685F20}.Release|x86.Build.0 = Release|Win32
		{3EA02E0D-4D62-4C48-BA7E-589413AA2FA7}.Debug|x64.ActiveCfg = Debug|x64
		{3EA02E0D-4D62-4C48-BA7E-589413AA2FA7}.Debug|x64.Build.0 = Debug|x64
		{3EA02E0D-4D62-4C48-BA7E-589413AA2FA7}.Debug|x86.ActiveCfg = Debug|Win32
		{3EA02E0D-4D62-4C48-BA7E-589413AA2FA7}.Debug|x86.Build.0 = Debug|Win32
		{3EA02E0D-4D62-4C48-BA7E-589413AA2FA7}.Release|x64.ActiveCfg = Release|x64
		{3EA02E0D-4D62-4C48-BA7E-589413AA2FA7}.Release|x64.Build.0 = Release|x64
		{3EA02E0D-4D62-4C48-BA7E-589413AA2FA7}.Release|x86.ActiveCfg = Release|Win32
		{3EA02E0D-4D62-4C48-BA7E-589413AA2FA7}.Release|x86.Build.0 = Release|Win32
		{03DF2CED-C687-4C00-9FE9-DE08BCF353D2}.Debug|x64.ActiveCfg = Debug|x64
		{03DF2CED-C687-4C00-9FE9-DE08BCF353D2}.Debug|x64.Build.0 = Debug|x64
		{03DF2CED-C687-4C00-9FE9-DE08BCF353D2}.Debug|x86.ActiveCfg = Debug|Win32
		{03DF2CED-C687-4C00-9FE9-DE08BCF353D2}.Debug|x86.Build.0 = Debug|Win32
		{03DF2CED-C687-4C00-9FE9-DE08BCF353D2}.Release|x64.ActiveCfg = Release|x64
		{03DF2CED-C687-4C00-9FE9-DE08BCF353D2}.Release|x64.Build.0 = Release|x64
		{03DF2CED-C687-4C00-9FE9-DE08BCF353D2}.Release|x86.ActiveCfg = Release|Win32
		{03DF2CED-C687-4C00-9FE9-DE08BCF353D2}.Release|x86.Build.0 = Release|Win32
		{277EDA6F-B431-4C85-B0F9-489D721EF180}.Debug|x64.ActiveCfg = Debug|x64
		{277EDA6F-B431-4C85-B0F9-489D721EF180}.Debug|x64.Build.0 = Debug|x64
		{277EDA6F-B431-4C85-B0F9-489D721EF180}.Debug|x86.ActiveCfg = Debug|Win32
		{277EDA6F-B431-4C85-B0F9-489D721EF180}.Debug|x86.Build.0 = Debug|Win32
		{277EDA6F-B431-4C85-B0F9-489D721EF180}.Release|x64.ActiveCfg = Release|x64
		{277EDA6F-B431-4C85-B0F9-489D721EF180}.Release|x64.Build.0 = Release|x64
		{277EDA6F-B431-4C85-B0F9-489D721EF180}.Release|x86.ActiveCfg = Release|Win32
		{277EDA6F-B431-4C85-B0F9-489D721EF180}.Release|x86.Build.0 = Release|Win32
		{C04B36F6-0748-4206-A8F6-9109FB977A95}.Debug|x64.ActiveCfg = Debug|x64
		{C04B36F6-0748-4206-A8F6-9109FB977A95}.Debug|x64.Build.0 = Debug|x64
		{C04B36F6-0748-4206-A8F6-9109FB977A95}.Debug|x86.ActiveCfg = Debug|Win32
		{C04B36F6-0748-4206-A8F6-9109FB977A95}.Debug|x86.Build.0 = Debug|Win32
		{C04B36F6-0748-4206-A8F6-9109FB977A95}.Release|x64.ActiveCfg = Release|x64
		{C04B36F6-0748-4206-A8F6-9109FB977A95}.Release|x64.Build.0 = Release|x64
		{C04B36F6-0748-4206-A8F6-9109FB977A95}.Release|x86.ActiveCfg = Release|Win32
		{C04B36F6-0748-4206-A8F6-9109FB977A95}.Release|x86.Build.0 = Release|Win32
		{7B46F4C2-A82C-4377-9DC6-837BB7EE0230}.Debug|x64.ActiveCfg = Debug|x64
		{7B46F4C2-A82C-4377-9DC6-837BB7EE0230}.Debug|x64.Build.0 = Debug|x64
		{7B46F4C2-A82C-4377-9DC6-837BB7EE0230}.Debug|x86.ActiveCfg = Debug|Win32
		{7B46F4C2-A82C-4377-9DC6-837BB7EE0230}.Debug|x86.Build.0 = Debug|Win32
		{7B46F4C2-A82C-4377-9DC6-837BB7EE0230}.Release|x64.ActiveCfg = Release|x64
		{7B46F4C2-A82C-4377-9DC6-837BB7EE0230}.Release|x64.Build.0 = Release|x64
		{7B46F4C2-A82C-4377-9DC6-837BB7EE0230}.Release|x86.ActiveCfg = Release|Win32
		{7B46F4C2-A82C-4377-9DC6-837BB7EE0230}.Release|x86.Build.0 = Release|Win32
		{F4E75C57-C19E-4DD5-AA20-B02B115EDA02}.Debug|x64.ActiveCfg = Debug|x64
		{F4E75C57-C19E-4DD5-AA20-B02B115EDA02}.Debug|x64.Build.0 = Debug|x64
		{F4E75C57-C19E-4DD5-AA20-B02B115EDA02}.Debug|x86.ActiveCfg = Debug|Win32
		{F4E75C57-C19E-4DD5-AA20-B02B115EDA02}.Debug|x86.Build.0 = Debug|Win32
		{F4E75C57-C19E-4DD5-AA20-B02B115EDA02}.Release|x64.ActiveCfg = Release|x64
		{F4E75C57-C19E-4DD5-AA20-B02B115EDA02}.Release|x64.Build.0 = Release|x64
		{F4E75C57-C19E-4DD5-AA20-B02B115EDA02}.Release|x86.ActiveCfg = Release|Win32
		{F4E75C57-C19E-4DD5-AA20-B02B115EDA02}.Release|x86.Build.0 = Release|Win32
		{06ABAB78-3938-445A-970A-CD173837D1A8}.Debug|x64.ActiveCfg = Debug|x64
		{06ABAB78-3938-445A-970A-CD173837D1A8}.Debug|x64.Build.0 = Debug|x64
		{06ABAB78-3938-445A-970A-CD173837D1A8}.Debug|x86.ActiveCfg = Debug|Win32
		{06ABAB78-3938-445A-970A-CD173837D1A8}.Debug|x86.Build.0 = Debug|Win32
		{06ABAB78-3938-445A-970A-CD173837D1A8}.Release|x64.ActiveCfg = Release|x64
		{06ABAB78-3938-445A-970A-CD173837D1A8}.Release|x64.Build.0 = Release|x64
		{06ABAB78-3938-445A-970A-CD173837D1A8}.Release|x86.ActiveCfg = Release|Win32
		{06ABAB78-3938-445A-970A-CD173837D1A8}.Release|x86.Build.0 = Release|Win32
		{6E07F6E4-E8A7-4921-8158-AC6720B1DD97}.Debug|x64.ActiveCfg = Debug|x64
		{6E07F6E4-E8A7-4921-8158-AC6720B1DD97}.Debug|x64.Build.0 = Debug|x64
		{6E07F6E4-E8A7-4921-8158-AC6720B1DD97}.Debug|x86.ActiveCfg = Debug|Win32
		{6E07F6E4-E8A7-4921-8158-AC6720B1DD97}.Debug|x86.Build.0 = Debug|Win32
		{6E07F6E4-E8A7-4921-8158-AC6720B1DD97}.Release|x64.ActiveCfg = Release|x64
		{6E07F6E4-E8A7-4921-8158-AC6720B1DD97}.Release|x64.Build.0 = Release|x64
		{6E07F6E4-E8A7-4921-8158-AC6720B1DD97}.Release|x86.ActiveCfg = Release|Win32
		{6E07F6E4-E8A7-4921-8158-AC6720B1DD97}.Release|x86.Build.0 = Release|Win32
		{9FAA1268-8EC1-40AE-B5F5-A8943DB0B025}.Debug|x64.ActiveCfg = Debug|x64
		{9FAA1268-8EC1-40AE-B5F5-A8943DB0B025}.Debug|x64.Build.0 = Debug|x64
		{9FAA1268-8EC1-40AE-B5F5-A8943DB0B025}.Debug|x86.ActiveCfg = Debug|Win32
		{9FAA1268-8EC1-40AE-B5F5-A8943DB0B025}.Debug|x86.Build.0 = Debug|Win32
		{9FAA1268-8EC1-40AE-B5F5-A8943DB0B025}.Release|x64.ActiveCfg = Release|x64
		{9FAA1268-8EC1-40AE-B5F5-A8943DB0B025}.Release|x64.Build.0 = Release|x64
		{9FAA1268-8EC1-40AE-B5F5-A8943DB0B025}.Release|x86.ActiveCfg = Release|Win32
		{9FAA1268-8EC1-40AE-B5F5-A8943DB0B025}.Release|x86.Build.0 = Release|Win32
		{DD39AF8C-C751-400C-BE9D-0F5E5A9253AD}.Debug|x64.ActiveCfg = Debug|x64
		{DD39AF8C-C751-400C-BE9D-0F5E5A9253AD}.Debug|x64.Build.0 = Debug|x64
		{DD39AF8C-C751-400C-BE9D-0F5E5A9253AD}.Debug|x86.ActiveCfg = Debug|Win32
		{DD39AF8C-C751-400C-BE9D-0F5E5A9253AD}.Debug|x86.Build.0 = Debug|Win32
		{DD39AF8C-C751-400C-BE9D-0F5E5A9253AD}.Release|x64.ActiveCfg = Release|x64
		{DD39AF8C-C751-400C-BE9D-0F5E5A9253AD}.Release|x64.Build.0 = Release|x64
		{DD39AF8C-C751-400C-BE9D-0F5E5A9253AD}.Release|x86.ActiveCfg = Release|Win32
		{DD39AF8C-C751-400C-BE9D-0F5E5A9253AD}.Release|x86.Build.0 = Release|Win32
		{7946AD82-1C8E-4079-967A-FA689F4B2A20}.Debug|x64.ActiveCfg = Debug|x64
		{7946AD82-1C8E-4079-967A-FA689F4B2A20}.Debug|x64.Build.0 = Debug|x64
		{7946AD82-1C8E-4079-967A-FA689F4B2A20}.Debug|x86.ActiveCfg = Debug|Win32
		{7946AD82-1C8E-4079-967A-FA689F4B2A20}.Debug|x86.Build.0 = Debug|Win32
		{7946AD82-1C8E-4079-967A-FA689F4B2A20}.Release|x64.ActiveCfg = Release|x64
		{7946AD82-1C8E-4079-967A-FA689F4B2A20}.Release|x64.Build.0 = Release|x64
		{7946AD82-1C8E-4079-967A-FA689F4B2A20}.Release|x86.ActiveCfg = Release|Win32
		{7946AD82-1C8E-4079-967A-FA689F4B2A20}.Release|x86.Build.0 = Release|Win32
		{CF797552-B0A8-443A-8E3D-72B764531F0F}.Debug|x64.ActiveCfg = Debug|x64
		{CF797552-B0A8-443A-8E3D-72B764531F0F}.Debug|x64.Build.0 = Debug|x64
		{CF797552-B0A8-443A-8E3D-72B764531F0F}.Debug|x86.ActiveCfg = Debug|Win32
		{CF797552-B0A8-443A-8E3D-72B764531F0F}.Debug|x86.Build.0 = Debug|Win32
		{CF797552-B0A8-443A-8E3D-72B764531F0F}.Release|x64.ActiveCfg = Release|x64
		{CF797552-B0A8-443A-8E3D-72B764531F0F}.Release|x64.Build.0 = Release|x64
		{CF797552-B0A8-443A-8E3D-72B764531F0F}.Release|x86.ActiveCfg = Release|Win32
		{CF797552-B0A8-443A-8E3D-72B764531F0F}.Release|x86.Build.0 = Release|Win32
		{56A78572-98B7-4652-B75B-D240F6063D12}.Debug|x64.ActiveCfg = Debug|x64
		{56A78572-98B7-4652-B75B-D240F6063D12}.Debug|x64.Build.0 = Debug|x64
		{56A78572-98B7-4652-B75B-D240F6063D12}.Debug|x86.ActiveCfg = Debug|Win32
		{56A78572-98B7-4652-B75B-D240F6063D12}.Debug|x86.Build.0 = Debug|Win32
		{56A78572-98B7-4652-B75B-D240F6063D12}.Release|x64.ActiveCfg = Release|x64
		{56A78572-98B7-4652-B75B-D240F6063D12}.Release|x64.Build.0 = Release|x64
		{56A78572-98B7-4652-B75B-D240F6063D12}.Release|x86.ActiveCfg = Release|Win32
		{56A78572-98B7-4652-B75B-D240F6063D12}.Release|x86.Build.0 = Release|Win32
		{8C324195-E11F-4067-A610-F6492FAD1F9C}.Debug|x64.ActiveCfg = Debug|x64
		{8C324195-E11F-4067-A610-F6492FAD1F9C}.Debug|x64.Build.0 = Debug|x64
		{8C324195-E11F-4067-A610-F6492FAD1F9C}.Debug|x86.ActiveCfg = Debug|Win32
		{8C324195-E11F-4067-A610-F6492FAD1F9C}.Debug|x86.Build.0 = Debug|Win32
		{8C324195-E11F-4067-A610-F6492FAD1F9C}.Release|x64.ActiveCfg = Release|x64
		{8C324195-E11F-4067-A610-F6492FAD1F9C}.Release|x64.Build.0 = Release|x64
		{8C324195-E11F-4067-A610-F6492FAD1F9C}.Release|x86.ActiveCfg = Release|Win32
		{8C324195-E11F-4067-A610-F6492FAD1F9C}.Release|x86.Build.0 = Release|Win32
		{AE0E20D1-AF87-40D1-88AF-9ACA11AF5827}.Debug|x64.ActiveCfg = Debug|x64
		{AE0E20D1-AF87-40D1-88AF-9ACA11AF5827}.Debug|x64.Build.0 = Debug|x64
		{AE0E20D1-AF87-40D1-88AF-9ACA11AF5827}.Debug|x86.ActiveCfg = Debug|Win32
		{AE0E20D1-AF87-40D1-88AF-9ACA11AF5827}.Debug|x86.Build.0 = Debug|Win32
		{AE0E20D1-AF87-40D1-88AF-9ACA11AF5827}.Release|x64.ActiveCfg = Release|x64
		{AE0E20D1-AF87-40D1-88AF-9ACA11AF5827}.Release|x64.Build.0 = Release|x64
		{AE0E20D1-AF87-40D1-88AF-9ACA11AF5827}.Release|x86.ActiveCfg = Release|Win32
		{AE0E20D1-AF87-40D1-88AF-9ACA11AF5827}.Release|x86.Build.0 = Release|Win32
		{1163634E-B310-4E58-A5C1-04960BFE989E}.Debug|x64.ActiveCfg = Debug|x64
		{1163634E-B310-4E58-A5C1-04960BFE989E}.Debug|x64.Build.0 = Debug|x64
		{1163634E-B310-4E58-A5C1-04960BFE989E}.Debug|x86.ActiveCfg = Debug|Win32
		{1163634E-B310-4E58-A5C1-04960BFE989E}.Debug|x86.Build.0 = Debug|Win32
		{1163634E-B310-4E58-A5C1-04960BFE989E}.Release|x64.ActiveCfg = Release|x64
		{1163634E-B310-4E58-A5C1-04960BFE989E}.Release|x64.Build.0 = Release|x64
		{1163634E-B310-4E58-A5C1-04960BFE989E}.Release|x86.ActiveCfg = Release|Win32
		{1163634E-B310-4E58-A5C1-04960BFE989E}.Release|x86.Build.0 = Release|Win32
		{06FE1668-79BD-4A63-945F-440C21E9C5D3}.Debug|x64.ActiveCfg = Debug|x64
		{06FE1668-79BD-4A63-945F-440C21E9C5D3}.Debug|x64.Build.0 = Debug|x64
		{06FE1668-79BD-4A63-945F-440C21E9C5D3}.Debug|x86.ActiveCfg = Debug|Win32
		{06FE1668-79BD-4A63-945F-440C21E9C5D3}.Debug|x86.Build.0 = Debug|Win32
		{06FE1668-79BD-4A63-945F-440C21E9C5D3}.Release|x64.ActiveCfg = Release|x64
		{06FE1668-79BD-4A63-945F-440C21E9C5D3}.Release|x64.Build.0 = Release|x64
		{06FE1668-79BD-4A63-945F-440C21E9C5D3}.Release|x86.ActiveCfg = Release|Win32
		{06FE1668-79BD-4A63-945F-440C21E9C5D3}.Release|x86.Build.0 = Release|Win32
		{06A1D501-7148-4B71-B602-00A0D96D762A}.Debug|x64.ActiveCfg = Debug|x64
		{06A1D501-7148-4B71-B602-00A0D96D762A}.Debug|x64.Build.0 = Debug|x64
		{06A1D501-7148-4B71-B602-00A0D96D762A}.Debug|x86.ActiveCfg = Debug|Win32
		{06A1D501-7148-4B71-B602-00A0D96D762A}.Debug|x86.Build.0 = Debug|Win32
		{06A1D501-7148-4B71-B602-00A0D96D762A}.Release|x64.ActiveCfg = Release|x64
		{06A1D501-7148-4B71-B602-00A0D96D762A}.Release|x64.Build.0 = Release|x64
		{06A1D501-7148-4B71-B602-00A0D96D762A}.Release|x86.ActiveCfg = Release|Win32
		{06A1D501-7148-4B71-B602-00A0D96D762A}.Release|x86.Build.0 = Release|Win32
		{E11BD926-09F5-46C3-A51B-F310F8A91926}.Debug|x64.ActiveCfg = Debug|x64
		{E11BD926-09F5-46C3-A51B-F310F8A91926}.Debug|x64.Build.0 = Debug|x64
		{E11BD926-09F5-46C3-A51B-F310F8A91926}.Debug|x86.ActiveCfg = Debug|Win32
		{E11BD926-09F5-46C3-A51B-F310F8A91926}.Debug|x86.Build.0 = Debug|Win32
		{E11BD926-09F5-46C3-A51B-F310F8A91926}.Release|x64.ActiveCfg = Release|x64
		{E11BD926-09F5-46C3-A51B-F310F8A91926}.Release|x64.Build.0 = Release|x64
		{E11BD926-09F5-46C3-A51B-F310F8A91926}.Release|x86.ActiveCfg = Release|Win32
		{E11BD926-09F5-46C3-A51B-F310F8A91926}.Release|x86.Build.0 = Release|Win32
		{D6E7999D-89C7-4FD4-A9BC-26F4B9F7A854}.Debug|x64.ActiveCfg = Debug|x64
		{D6E7999D-89C7-4FD4-A9BC-26F4B9F7A854}.Debug|x64.Build.0 = Debug|x64
		{D6E7999D-89C7-4FD4-A9BC-26F4B9F7A854}.Debug|x86.ActiveCfg = Debug|Win32
		{D6E7999D-89C7-4FD4-A9BC-26F4B9F7A854}.Debug|x86.Build.0 = Debug|Win32
		{D6E7999D-89C7-4FD4-A9BC-26F4B9F7A854}.Release|x64.ActiveCfg = Release|x64
		{D6E7999D-89C7-4FD4-A9BC-26F4B9F7A854}.Release|x64.Build.0 = Release|x64
		{D6E7999D-89C7-4FD4-A9BC-26F4B9F7A854}.Release|x86.ActiveCfg = Release|Win32
		{D6E7999D-89C7-4FD4-A9BC-26F4B9F7A854}.Release|x86.Build.0 = Release|Win32
		{00E669FB-E459-4C38-B9FF-00ADD17012CF}.Debug|x64.ActiveCfg = Debug|x64
		{00E669FB-E459-4C38-B9FF-00ADD17012CF}.Debug|x64.Build.0 = Debug|x64
		{00E669FB-E459-4C38-B9FF-00ADD17012CF}.Debug|x86.ActiveCfg = Debug|Win32
		{00E669FB-E459-4C38-B9FF-00ADD17012CF}.Debug|x86.Build.0 = Debug|Win32
		{00E669FB-E459-4C38-B9FF-00ADD17012CF}.Release|x64.ActiveCfg = Release|x64
		{00E669FB-E459-4C38-B9FF-00ADD17012CF}.Release|x64.Build.0 = Release|x64
		{00E669FB-E459-4C38-B9FF-00ADD17012CF}.Release|x86.ActiveCfg = Release|Win32
		{00E669FB-E459-4C38-B9FF-00ADD17012CF}.Release|x86.Build.0 = Release|Win32
	EndGlobalSection
	GlobalSection(SolutionProperties) = preSolution
		HideSolutionNode = FALSE
	EndGlobalSection
EndGlobal
