
Microsoft Visual Studio Solution File, Format Version 12.00
# Visual Studio 15
VisualStudioVersion = 15.0.26430.14
MinimumVisualStudioVersion = 10.0.40219.1
Project("{8BC9CEB8-8B4A-11D0-8D11-00A0C91BC942}") = "sysmets", "sysmets\sysmets.vcxproj", "{FEEA108D-BFD5-4D5B-9EB8-B84F9D8D474B}"
EndProject
Project("{8BC9CEB8-8B4A-11D0-8D11-00A0C91BC942}") = "gdi01", "gdi01\gdi01.vcxproj", "{6FEF1E79-58EB-41FD-9AE5-2877A3B2DD90}"
EndProject
Project("{8BC9CEB8-8B4A-11D0-8D11-00A0C91BC942}") = "gd02", "gd02\gd02.vcxproj", "{D50A5ADA-D7CE-41D4-914F-73F49B685F20}"
EndProject
Project("{8BC9CEB8-8B4A-11D0-8D11-00A0C91BC942}") = "sinewave", "sinewave\sinewave.vcxproj", "{3EA02E0D-4D62-4C48-BA7E-589413AA2FA7}"
EndProject
Project("{8BC9CEB8-8B4A-11D0-8D11-00A0C91BC942}") = "five-pointed", "five-pointed\five-pointed.vcxproj", "{03DF2CED-C687-4C00-9FE9-DE08BCF353D2}"
EndProject
Project("{8BC9CEB8-8B4A-11D0-8D11-00A0C91BC942}") = "rectangle", "rectangle\rectangle.vcxproj", "{277EDA6F-B431-4C85-B0F9-489D721EF180}"
EndProject
Project("{8BC9CEB8-8B4A-11D0-8D11-00A0C91BC942}") = "taiji", "taiji\taiji.vcxproj", "{C04B36F6-0748-4206-A8F6-9109FB977A95}"
EndProject
Global
	GlobalSection(SolutionConfigurationPlatforms) = preSolution
		Debug|x64 = Debug|x64
		Debug|x86 = Debug|x86
		Release|x64 = Release|x64
		Release|x86 = Release|x86
	EndGlobalSection
	GlobalSection(ProjectConfigurationPlatforms) = postSolution
		{FEEA108D-BFD5-4D5B-9EB8-B84F9D8D474B}.Debug|x64.ActiveCfg = Debug|x64
		{FEEA108D-BFD5-4D5B-9EB8-B84F9D8D474B}.Debug|x64.Build.0 = Debug|x64
		{FEEA108D-BFD5-4D5B-9EB8-B84F9D8D474B}.Debug|x86.ActiveCfg = Debug|Win32
		{FEEA108D-BFD5-4D5B-9EB8-B84F9D8D474B}.Debug|x86.Build.0 = Debug|Win32
		{FEEA108D-BFD5-4D5B-9EB8-B84F9D8D474B}.Release|x64.ActiveCfg = Release|x64
		{FEEA108D-BFD5-4D5B-9EB8-B84F9D8D474B}.Release|x64.Build.0 = Release|x64
		{FEEA108D-BFD5-4D5B-9EB8-B84F9D8D474B}.Release|x86.ActiveCfg = Release|Win32
		{FEEA108D-BFD5-4D5B-9EB8-B84F9D8D474B}.Release|x86.Build.0 = Release|Win32
		{6FEF1E79-58EB-41FD-9AE5-2877A3B2DD90}.Debug|x64.ActiveCfg = Debug|x64
		{6FEF1E79-58EB-41FD-9AE5-2877A3B2DD90}.Debug|x64.Build.0 = Debug|x64
		{6FEF1E79-58EB-41FD-9AE5-2877A3B2DD90}.Debug|x86.ActiveCfg = Debug|Win32
		{6FEF1E79-58EB-41FD-9AE5-2877A3B2DD90}.Debug|x86.Build.0 = Debug|Win32
		{6FEF1E79-58EB-41FD-9AE5-2877A3B2DD90}.Release|x64.ActiveCfg = Release|x64
		{6FEF1E79-58EB-41FD-9AE5-2877A3B2DD90}.Release|x64.Build.0 = Release|x64
		{6FEF1E79-58EB-41FD-9AE5-2877A3B2DD90}.Release|x86.ActiveCfg = Release|Win32
		{6FEF1E79-58EB-41FD-9AE5-2877A3B2DD90}.Release|x86.Build.0 = Release|Win32
		{D50A5ADA-D7CE-41D4-914F-73F49B685F20}.Debug|x64.ActiveCfg = Debug|x64
		{D50A5ADA-D7CE-41D4-914F-73F49B685F20}.Debug|x64.Build.0 = Debug|x64
		{D50A5ADA-D7CE-41D4-914F-73F49B685F20}.Debug|x86.ActiveCfg = Debug|Win32
		{D50A5ADA-D7CE-41D4-914F-73F49B685F20}.Debug|x86.Build.0 = Debug|Win32
		{D50A5ADA-D7CE-41D4-914F-73F49B685F20}.Release|x64.ActiveCfg = Release|x64
		{D50A5ADA-D7CE-41D4-914F-73F49B685F20}.Release|x64.Build.0 = Release|x64
		{D50A5ADA-D7CE-41D4-914F-73F49B685F20}.Release|x86.ActiveCfg = Release|Win32
		{D50A5ADA-D7CE-41D4-914F-73F49B685F20}.Release|x86.Build.0 = Release|Win32
		{3EA02E0D-4D62-4C48-BA7E-589413AA2FA7}.Debug|x64.ActiveCfg = Debug|x64
		{3EA02E0D-4D62-4C48-BA7E-589413AA2FA7}.Debug|x64.Build.0 = Debug|x64
		{3EA02E0D-4D62-4C48-BA7E-589413AA2FA7}.Debug|x86.ActiveCfg = Debug|Win32
		{3EA02E0D-4D62-4C48-BA7E-589413AA2FA7}.Debug|x86.Build.0 = Debug|Win32
		{3EA02E0D-4D62-4C48-BA7E-589413AA2FA7}.Release|x64.ActiveCfg = Release|x64
		{3EA02E0D-4D62-4C48-BA7E-589413AA2FA7}.Release|x64.Build.0 = Release|x64
		{3EA02E0D-4D62-4C48-BA7E-589413AA2FA7}.Release|x86.ActiveCfg = Release|Win32
		{3EA02E0D-4D62-4C48-BA7E-589413AA2FA7}.Release|x86.Build.0 = Release|Win32
		{03DF2CED-C687-4C00-9FE9-DE08BCF353D2}.Debug|x64.ActiveCfg = Debug|x64
		{03DF2CED-C687-4C00-9FE9-DE08BCF353D2}.Debug|x64.Build.0 = Debug|x64
		{03DF2CED-C687-4C00-9FE9-DE08BCF353D2}.Debug|x86.ActiveCfg = Debug|Win32
		{03DF2CED-C687-4C00-9FE9-DE08BCF353D2}.Debug|x86.Build.0 = Debug|Win32
		{03DF2CED-C687-4C00-9FE9-DE08BCF353D2}.Release|x64.ActiveCfg = Release|x64
		{03DF2CED-C687-4C00-9FE9-DE08BCF353D2}.Release|x64.Build.0 = Release|x64
		{03DF2CED-C687-4C00-9FE9-DE08BCF353D2}.Release|x86.ActiveCfg = Release|Win32
		{03DF2CED-C687-4C00-9FE9-DE08BCF353D2}.Release|x86.Build.0 = Release|Win32
		{277EDA6F-B431-4C85-B0F9-489D721EF180}.Debug|x64.ActiveCfg = Debug|x64
		{277EDA6F-B431-4C85-B0F9-489D721EF180}.Debug|x64.Build.0 = Debug|x64
		{277EDA6F-B431-4C85-B0F9-489D721EF180}.Debug|x86.ActiveCfg = Debug|Win32
		{277EDA6F-B431-4C85-B0F9-489D721EF180}.Debug|x86.Build.0 = Debug|Win32
		{277EDA6F-B431-4C85-B0F9-489D721EF180}.Release|x64.ActiveCfg = Release|x64
		{277EDA6F-B431-4C85-B0F9-489D721EF180}.Release|x64.Build.0 = Release|x64
		{277EDA6F-B431-4C85-B0F9-489D721EF180}.Release|x86.ActiveCfg = Release|Win32
		{277EDA6F-B431-4C85-B0F9-489D721EF180}.Release|x86.Build.0 = Release|Win32
		{C04B36F6-0748-4206-A8F6-9109FB977A95}.Debug|x64.ActiveCfg = Debug|x64
		{C04B36F6-0748-4206-A8F6-9109FB977A95}.Debug|x64.Build.0 = Debug|x64
		{C04B36F6-0748-4206-A8F6-9109FB977A95}.Debug|x86.ActiveCfg = Debug|Win32
		{C04B36F6-0748-4206-A8F6-9109FB977A95}.Debug|x86.Build.0 = Debug|Win32
		{C04B36F6-0748-4206-A8F6-9109FB977A95}.Release|x64.ActiveCfg = Release|x64
		{C04B36F6-0748-4206-A8F6-9109FB977A95}.Release|x64.Build.0 = Release|x64
		{C04B36F6-0748-4206-A8F6-9109FB977A95}.Release|x86.ActiveCfg = Release|Win32
		{C04B36F6-0748-4206-A8F6-9109FB977A95}.Release|x86.Build.0 = Release|Win32
	EndGlobalSection
	GlobalSection(SolutionProperties) = preSolution
		HideSolutionNode = FALSE
	EndGlobalSection
EndGlobal
